
Microsoft Visual Studio Solution File, Format Version 12.00
# Visual Studio 2012
Project("{FAE04EC0-301F-11D3-BF4B-00C04F79EFBC}") = "CommandsTest", "CommandsTest\CommandsTest.csproj", "{DB18AD92-BDF3-44FD-AF94-E058311E06CB}"
EndProject
Project("{FAE04EC0-301F-11D3-BF4B-00C04F79EFBC}") = "PortableCommandTest", "PortableCommandTest\PortableCommandTest.csproj", "{0CAF716D-CED2-46C6-BBC1-79CD29FCA08D}"
EndProject
Project("{2150E333-8FDC-42A3-9474-1A3956D46DE8}") = ".nuget", ".nuget", "{7FBF4683-AB14-4585-9F14-2E283DD3C728}"
	ProjectSection(SolutionItems) = preProject
		.nuget\NuGet.Config = .nuget\NuGet.Config
		.nuget\NuGet.exe = .nuget\NuGet.exe
		.nuget\NuGet.targets = .nuget\NuGet.targets
	EndProjectSection
EndProject
Global
	GlobalSection(SolutionConfigurationPlatforms) = preSolution
		Debug|Any CPU = Debug|Any CPU
		Release|Any CPU = Release|Any CPU
	EndGlobalSection
	GlobalSection(ProjectConfigurationPlatforms) = postSolution
		{DB18AD92-BDF3-44FD-AF94-E058311E06CB}.Debug|Any CPU.ActiveCfg = Debug|Any CPU
		{DB18AD92-BDF3-44FD-AF94-E058311E06CB}.Debug|Any CPU.Build.0 = Debug|Any CPU
		{DB18AD92-BDF3-44FD-AF94-E058311E06CB}.Release|Any CPU.ActiveCfg = Release|Any CPU
		{DB18AD92-BDF3-44FD-AF94-E058311E06CB}.Release|Any CPU.Build.0 = Release|Any CPU
		{0CAF716D-CED2-46C6-BBC1-79CD29FCA08D}.Debug|Any CPU.ActiveCfg = Debug|Any CPU
		{0CAF716D-CED2-46C6-BBC1-79CD29FCA08D}.Debug|Any CPU.Build.0 = Debug|Any CPU
		{0CAF716D-CED2-46C6-BBC1-79CD29FCA08D}.Release|Any CPU.ActiveCfg = Release|Any CPU
		{0CAF716D-CED2-46C6-BBC1-79CD29FCA08D}.Release|Any CPU.Build.0 = Release|Any CPU
	EndGlobalSection
	GlobalSection(SolutionProperties) = preSolution
		HideSolutionNode = FALSE
	EndGlobalSection
EndGlobal
